
Microsoft Visual Studio Solution File, Format Version 12.00
# Visual Studio 15
VisualStudioVersion = 15.0.27703.2018
MinimumVisualStudioVersion = 10.0.40219.1
Project("{E24C65DC-7377-472B-9ABA-BC803B73C61A}") = "wwwroot", ".", "{B78149A8-EF7C-4A1A-ABF3-C01D62E430DE}"
	ProjectSection(WebsiteProperties) = preProject
		TargetFrameworkMoniker = ".NETFramework,Version%3Dv4.5"
		Debug.AspNetCompiler.VirtualPath = "/localhost_56525"
		Debug.AspNetCompiler.PhysicalPath = "..\wwwroot\"
		Debug.AspNetCompiler.TargetPath = "PrecompiledWeb\localhost_56525\"
		Debug.AspNetCompiler.Updateable = "true"
		Debug.AspNetCompiler.ForceOverwrite = "true"
		Debug.AspNetCompiler.FixedNames = "false"
		Debug.AspNetCompiler.Debug = "True"
		Release.AspNetCompiler.VirtualPath = "/localhost_56525"
		Release.AspNetCompiler.PhysicalPath = "..\wwwroot\"
		Release.AspNetCompiler.TargetPath = "PrecompiledWeb\localhost_56525\"
		Release.AspNetCompiler.Updateable = "true"
		Release.AspNetCompiler.ForceOverwrite = "true"
		Release.AspNetCompiler.FixedNames = "false"
		Release.AspNetCompiler.Debug = "False"
		VWDPort = "56525"
		SlnRelativePath = "..\wwwroot\"
	EndProjectSection
EndProject
Global
	GlobalSection(SolutionConfigurationPlatforms) = preSolution
		Debug|Any CPU = Debug|Any CPU
	EndGlobalSection
	GlobalSection(ProjectConfigurationPlatforms) = postSolution
		{B78149A8-EF7C-4A1A-ABF3-C01D62E430DE}.Debug|Any CPU.ActiveCfg = Debug|Any CPU
		{B78149A8-EF7C-4A1A-ABF3-C01D62E430DE}.Debug|Any CPU.Build.0 = Debug|Any CPU
	EndGlobalSection
	GlobalSection(SolutionProperties) = preSolution
		HideSolutionNode = FALSE
	EndGlobalSection
	GlobalSection(ExtensibilityGlobals) = postSolution
		SolutionGuid = {17EB8A52-4DCB-4392-8661-6A6D352EB409}
	EndGlobalSection
EndGlobal
